
Microsoft Visual Studio Solution File, Format Version 12.00
# Visual Studio 15
VisualStudioVersion = 15.0.27130.0
MinimumVisualStudioVersion = 10.0.40219.1
Project("{FAE04EC0-301F-11D3-BF4B-00C04F79EFBC}") = "HW3_3rd", "HW3_3rd\HW3_3rd.csproj", "{C61FD9AD-C156-4BD5-A911-4F0920053BF2}"
EndProject
Global
	GlobalSection(SolutionConfigurationPlatforms) = preSolution
		Debug|Any CPU = Debug|Any CPU
		Release|Any CPU = Release|Any CPU
	EndGlobalSection
	GlobalSection(ProjectConfigurationPlatforms) = postSolution
		{C61FD9AD-C156-4BD5-A911-4F0920053BF2}.Debug|Any CPU.ActiveCfg = Debug|Any CPU
		{C61FD9AD-C156-4BD5-A911-4F0920053BF2}.Debug|Any CPU.Build.0 = Debug|Any CPU
		{C61FD9AD-C156-4BD5-A911-4F0920053BF2}.Release|Any CPU.ActiveCfg = Release|Any CPU
		{C61FD9AD-C156-4BD5-A911-4F0920053BF2}.Release|Any CPU.Build.0 = Release|Any CPU
	EndGlobalSection
	GlobalSection(SolutionProperties) = preSolution
		HideSolutionNode = FALSE
	EndGlobalSection
	GlobalSection(ExtensibilityGlobals) = postSolution
		SolutionGuid = {C5791A11-EFFC-4FEE-9345-713645CC5180}
	EndGlobalSection
EndGlobal
