
Microsoft Visual Studio Solution File, Format Version 12.00
# Visual Studio 15
VisualStudioVersion = 15.0.27130.0
MinimumVisualStudioVersion = 10.0.40219.1
Project("{FAE04EC0-301F-11D3-BF4B-00C04F79EFBC}") = "My_five_chess", "My_five_chess\My_five_chess.csproj", "{AF1A8DAA-3F3D-429F-9072-3B4707944CDB}"
EndProject
Global
	GlobalSection(SolutionConfigurationPlatforms) = preSolution
		Debug|Any CPU = Debug|Any CPU
		Release|Any CPU = Release|Any CPU
	EndGlobalSection
	GlobalSection(ProjectConfigurationPlatforms) = postSolution
		{AF1A8DAA-3F3D-429F-9072-3B4707944CDB}.Debug|Any CPU.ActiveCfg = Debug|Any CPU
		{AF1A8DAA-3F3D-429F-9072-3B4707944CDB}.Debug|Any CPU.Build.0 = Debug|Any CPU
		{AF1A8DAA-3F3D-429F-9072-3B4707944CDB}.Release|Any CPU.ActiveCfg = Release|Any CPU
		{AF1A8DAA-3F3D-429F-9072-3B4707944CDB}.Release|Any CPU.Build.0 = Release|Any CPU
	EndGlobalSection
	GlobalSection(SolutionProperties) = preSolution
		HideSolutionNode = FALSE
	EndGlobalSection
	GlobalSection(ExtensibilityGlobals) = postSolution
		SolutionGuid = {F27C9967-952C-4097-9183-21CCF44DE2CB}
	EndGlobalSection
EndGlobal
