
Microsoft Visual Studio Solution File, Format Version 12.00
# Visual Studio 15
VisualStudioVersion = 15.0.27130.0
MinimumVisualStudioVersion = 10.0.40219.1
Project("{FAE04EC0-301F-11D3-BF4B-00C04F79EFBC}") = "HW3_4th", "HW3_4th\HW3_4th.csproj", "{932FA3AC-29D9-4A2E-8A30-50DA9453B312}"
EndProject
Global
	GlobalSection(SolutionConfigurationPlatforms) = preSolution
		Debug|Any CPU = Debug|Any CPU
		Release|Any CPU = Release|Any CPU
	EndGlobalSection
	GlobalSection(ProjectConfigurationPlatforms) = postSolution
		{932FA3AC-29D9-4A2E-8A30-50DA9453B312}.Debug|Any CPU.ActiveCfg = Debug|Any CPU
		{932FA3AC-29D9-4A2E-8A30-50DA9453B312}.Debug|Any CPU.Build.0 = Debug|Any CPU
		{932FA3AC-29D9-4A2E-8A30-50DA9453B312}.Release|Any CPU.ActiveCfg = Release|Any CPU
		{932FA3AC-29D9-4A2E-8A30-50DA9453B312}.Release|Any CPU.Build.0 = Release|Any CPU
	EndGlobalSection
	GlobalSection(SolutionProperties) = preSolution
		HideSolutionNode = FALSE
	EndGlobalSection
	GlobalSection(ExtensibilityGlobals) = postSolution
		SolutionGuid = {AE4B48A7-D735-4E8A-AE60-E089EDE3BCC3}
	EndGlobalSection
EndGlobal
